// !$*UTF8*$!
{
	archiveVersion = 1;
	classes = {
	};
	objectVersion = 46;
	objects = {

/* Begin PBXBuildFile section */
		41C720EE1C3430E600268BB1 /* main.m in Sources */ = {isa = PBXBuildFile; fileRef = 41C720ED1C3430E600268BB1 /* main.m */; };
		41C720F11C3430E600268BB1 /* AppDelegate.m in Sources */ = {isa = PBXBuildFile; fileRef = 41C720F01C3430E600268BB1 /* AppDelegate.m */; };
		41C720F41C3430E600268BB1 /* DBapp.xcdatamodeld in Sources */ = {isa = PBXBuildFile; fileRef = 41C720F21C3430E600268BB1 /* DBapp.xcdatamodeld */; };
		41C720F71C3430E600268BB1 /* ViewController.m in Sources */ = {isa = PBXBuildFile; fileRef = 41C720F61C3430E600268BB1 /* ViewController.m */; };
		41C720FA1C3430E600268BB1 /* Main.storyboard in Resources */ = {isa = PBXBuildFile; fileRef = 41C720F81C3430E600268BB1 /* Main.storyboard */; };
		41C720FC1C3430E600268BB1 /* Images.xcassets in Resources */ = {isa = PBXBuildFile; fileRef = 41C720FB1C3430E600268BB1 /* Images.xcassets */; };
		41C720FF1C3430E600268BB1 /* LaunchScreen.xib in Resources */ = {isa = PBXBuildFile; fileRef = 41C720FD1C3430E600268BB1 /* LaunchScreen.xib */; };
		41C7210B1C3430E600268BB1 /* DBappTests.m in Sources */ = {isa = PBXBuildFile; fileRef = 41C7210A1C3430E600268BB1 /* DBappTests.m */; };
		41C721161C343E4700268BB1 /* LogMO.m in Sources */ = {isa = PBXBuildFile; fileRef = 41C721151C343E4700268BB1 /* LogMO.m */; };
		41C721191C343E4800268BB1 /* ChoreMO.m in Sources */ = {isa = PBXBuildFile; fileRef = 41C721181C343E4800268BB1 /* ChoreMO.m */; };
		41C7211C1C343E4900268BB1 /* PersonMO.m in Sources */ = {isa = PBXBuildFile; fileRef = 41C7211B1C343E4900268BB1 /* PersonMO.m */; };
/* End PBXBuildFile section */

/* Begin PBXContainerItemProxy section */
		41C721051C3430E600268BB1 /* PBXContainerItemProxy */ = {
			isa = PBXContainerItemProxy;
			containerPortal = 41C720E01C3430E600268BB1 /* Project object */;
			proxyType = 1;
			remoteGlobalIDString = 41C720E71C3430E600268BB1;
			remoteInfo = DBapp;
		};
/* End PBXContainerItemProxy section */

/* Begin PBXFileReference section */
		41C720E81C3430E600268BB1 /* DBapp.app */ = {isa = PBXFileReference; explicitFileType = wrapper.application; includeInIndex = 0; path = DBapp.app; sourceTree = BUILT_PRODUCTS_DIR; };
		41C720EC1C3430E600268BB1 /* Info.plist */ = {isa = PBXFileReference; lastKnownFileType = text.plist.xml; path = Info.plist; sourceTree = "<group>"; };
		41C720ED1C3430E600268BB1 /* main.m */ = {isa = PBXFileReference; lastKnownFileType = sourcecode.c.objc; path = main.m; sourceTree = "<group>"; };
		41C720EF1C3430E600268BB1 /* AppDelegate.h */ = {isa = PBXFileReference; lastKnownFileType = sourcecode.c.h; path = AppDelegate.h; sourceTree = "<group>"; };
		41C720F01C3430E600268BB1 /* AppDelegate.m */ = {isa = PBXFileReference; lastKnownFileType = sourcecode.c.objc; path = AppDelegate.m; sourceTree = "<group>"; };
		41C720F31C3430E600268BB1 /* DBapp.xcdatamodel */ = {isa = PBXFileReference; lastKnownFileType = wrapper.xcdatamodel; path = DBapp.xcdatamodel; sourceTree = "<group>"; };
		41C720F51C3430E600268BB1 /* ViewController.h */ = {isa = PBXFileReference; lastKnownFileType = sourcecode.c.h; path = ViewController.h; sourceTree = "<group>"; };
		41C720F61C3430E600268BB1 /* ViewController.m */ = {isa = PBXFileReference; lastKnownFileType = sourcecode.c.objc; path = ViewController.m; sourceTree = "<group>"; };
		41C720F91C3430E600268BB1 /* Base */ = {isa = PBXFileReference; lastKnownFileType = file.storyboard; name = Base; path = Base.lproj/Main.storyboard; sourceTree = "<group>"; };
		41C720FB1C3430E600268BB1 /* Images.xcassets */ = {isa = PBXFileReference; lastKnownFileType = folder.assetcatalog; path = Images.xcassets; sourceTree = "<group>"; };
		41C720FE1C3430E600268BB1 /* Base */ = {isa = PBXFileReference; lastKnownFileType = file.xib; name = Base; path = Base.lproj/LaunchScreen.xib; sourceTree = "<group>"; };
		41C721041C3430E600268BB1 /* DBappTests.xctest */ = {isa = PBXFileReference; explicitFileType = wrapper.cfbundle; includeInIndex = 0; path = DBappTests.xctest; sourceTree = BUILT_PRODUCTS_DIR; };
		41C721091C3430E600268BB1 /* Info.plist */ = {isa = PBXFileReference; lastKnownFileType = text.plist.xml; path = Info.plist; sourceTree = "<group>"; };
		41C7210A1C3430E600268BB1 /* DBappTests.m */ = {isa = PBXFileReference; lastKnownFileType = sourcecode.c.objc; path = DBappTests.m; sourceTree = "<group>"; };
		41C721141C343E4700268BB1 /* LogMO.h */ = {isa = PBXFileReference; fileEncoding = 4; lastKnownFileType = sourcecode.c.h; path = LogMO.h; sourceTree = "<group>"; };
		41C721151C343E4700268BB1 /* LogMO.m */ = {isa = PBXFileReference; fileEncoding = 4; lastKnownFileType = sourcecode.c.objc; path = LogMO.m; sourceTree = "<group>"; };
		41C721171C343E4800268BB1 /* ChoreMO.h */ = {isa = PBXFileReference; fileEncoding = 4; lastKnownFileType = sourcecode.c.h; path = ChoreMO.h; sourceTree = "<group>"; };
		41C721181C343E4800268BB1 /* ChoreMO.m */ = {isa = PBXFileReference; fileEncoding = 4; lastKnownFileType = sourcecode.c.objc; path = ChoreMO.m; sourceTree = "<group>"; };
		41C7211A1C343E4900268BB1 /* PersonMO.h */ = {isa = PBXFileReference; fileEncoding = 4; lastKnownFileType = sourcecode.c.h; path = PersonMO.h; sourceTree = "<group>"; };
		41C7211B1C343E4900268BB1 /* PersonMO.m */ = {isa = PBXFileReference; fileEncoding = 4; lastKnownFileType = sourcecode.c.objc; path = PersonMO.m; sourceTree = "<group>"; };
/* End PBXFileReference section */

/* Begin PBXFrameworksBuildPhase section */
		41C720E51C3430E600268BB1 /* Frameworks */ = {
			isa = PBXFrameworksBuildPhase;
			buildActionMask = 2147483647;
			files = (
			);
			runOnlyForDeploymentPostprocessing = 0;
		};
		41C721011C3430E600268BB1 /* Frameworks */ = {
			isa = PBXFrameworksBuildPhase;
			buildActionMask = 2147483647;
			files = (
			);
			runOnlyForDeploymentPostprocessing = 0;
		};
/* End PBXFrameworksBuildPhase section */

/* Begin PBXGroup section */
		41C720DF1C3430E500268BB1 = {
			isa = PBXGroup;
			children = (
				41C720EA1C3430E600268BB1 /* DBapp */,
				41C721071C3430E600268BB1 /* DBappTests */,
				41C720E91C3430E600268BB1 /* Products */,
			);
			sourceTree = "<group>";
		};
		41C720E91C3430E600268BB1 /* Products */ = {
			isa = PBXGroup;
			children = (
				41C720E81C3430E600268BB1 /* DBapp.app */,
				41C721041C3430E600268BB1 /* DBappTests.xctest */,
			);
			name = Products;
			sourceTree = "<group>";
		};
		41C720EA1C3430E600268BB1 /* DBapp */ = {
			isa = PBXGroup;
			children = (
				41C720EF1C3430E600268BB1 /* AppDelegate.h */,
				41C720F01C3430E600268BB1 /* AppDelegate.m */,
				41C720F51C3430E600268BB1 /* ViewController.h */,
				41C720F61C3430E600268BB1 /* ViewController.m */,
				41C720F81C3430E600268BB1 /* Main.storyboard */,
				41C720FB1C3430E600268BB1 /* Images.xcassets */,
				41C720FD1C3430E600268BB1 /* LaunchScreen.xib */,
				41C720F21C3430E600268BB1 /* DBapp.xcdatamodeld */,
				41C7211A1C343E4900268BB1 /* PersonMO.h */,
				41C7211B1C343E4900268BB1 /* PersonMO.m */,
				41C721171C343E4800268BB1 /* ChoreMO.h */,
				41C721181C343E4800268BB1 /* ChoreMO.m */,
				41C721141C343E4700268BB1 /* LogMO.h */,
				41C721151C343E4700268BB1 /* LogMO.m */,
				41C720EB1C3430E600268BB1 /* Supporting Files */,
			);
			path = DBapp;
			sourceTree = "<group>";
		};
		41C720EB1C3430E600268BB1 /* Supporting Files */ = {
			isa = PBXGroup;
			children = (
				41C720EC1C3430E600268BB1 /* Info.plist */,
				41C720ED1C3430E600268BB1 /* main.m */,
			);
			name = "Supporting Files";
			sourceTree = "<group>";
		};
		41C721071C3430E600268BB1 /* DBappTests */ = {
			isa = PBXGroup;
			children = (
				41C7210A1C3430E600268BB1 /* DBappTests.m */,
				41C721081C3430E600268BB1 /* Supporting Files */,
			);
			path = DBappTests;
			sourceTree = "<group>";
		};
		41C721081C3430E600268BB1 /* Supporting Files */ = {
			isa = PBXGroup;
			children = (
				41C721091C3430E600268BB1 /* Info.plist */,
			);
			name = "Supporting Files";
			sourceTree = "<group>";
		};
/* End PBXGroup section */

/* Begin PBXNativeTarget section */
		41C720E71C3430E600268BB1 /* DBapp */ = {
			isa = PBXNativeTarget;
			buildConfigurationList = 41C7210E1C3430E600268BB1 /* Build configuration list for PBXNativeTarget "DBapp" */;
			buildPhases = (
				41C720E41C3430E600268BB1 /* Sources */,
				41C720E51C3430E600268BB1 /* Frameworks */,
				41C720E61C3430E600268BB1 /* Resources */,
			);
			buildRules = (
			);
			dependencies = (
			);
			name = DBapp;
			productName = DBapp;
			productReference = 41C720E81C3430E600268BB1 /* DBapp.app */;
			productType = "com.apple.product-type.application";
		};
		41C721031C3430E600268BB1 /* DBappTests */ = {
			isa = PBXNativeTarget;
			buildConfigurationList = 41C721111C3430E600268BB1 /* Build configuration list for PBXNativeTarget "DBappTests" */;
			buildPhases = (
				41C721001C3430E600268BB1 /* Sources */,
				41C721011C3430E600268BB1 /* Frameworks */,
				41C721021C3430E600268BB1 /* Resources */,
			);
			buildRules = (
			);
			dependencies = (
				41C721061C3430E600268BB1 /* PBXTargetDependency */,
			);
			name = DBappTests;
			productName = DBappTests;
			productReference = 41C721041C3430E600268BB1 /* DBappTests.xctest */;
			productType = "com.apple.product-type.bundle.unit-test";
		};
/* End PBXNativeTarget section */

/* Begin PBXProject section */
		41C720E01C3430E600268BB1 /* Project object */ = {
			isa = PBXProject;
			attributes = {
				LastUpgradeCheck = 0600;
				ORGANIZATIONNAME = Andres;
				TargetAttributes = {
					41C720E71C3430E600268BB1 = {
						CreatedOnToolsVersion = 6.0.1;
					};
					41C721031C3430E600268BB1 = {
						CreatedOnToolsVersion = 6.0.1;
						TestTargetID = 41C720E71C3430E600268BB1;
					};
				};
			};
			buildConfigurationList = 41C720E31C3430E600268BB1 /* Build configuration list for PBXProject "DBapp" */;
			compatibilityVersion = "Xcode 3.2";
			developmentRegion = English;
			hasScannedForEncodings = 0;
			knownRegions = (
				en,
				Base,
			);
			mainGroup = 41C720DF1C3430E500268BB1;
			productRefGroup = 41C720E91C3430E600268BB1 /* Products */;
			projectDirPath = "";
			projectRoot = "";
			targets = (
				41C720E71C3430E600268BB1 /* DBapp */,
				41C721031C3430E600268BB1 /* DBappTests */,
			);
		};
/* End PBXProject section */

/* Begin PBXResourcesBuildPhase section */
		41C720E61C3430E600268BB1 /* Resources */ = {
			isa = PBXResourcesBuildPhase;
			buildActionMask = 2147483647;
			files = (
				41C720FA1C3430E600268BB1 /* Main.storyboard in Resources */,
				41C720FF1C3430E600268BB1 /* LaunchScreen.xib in Resources */,
				41C720FC1C3430E600268BB1 /* Images.xcassets in Resources */,
			);
			runOnlyForDeploymentPostprocessing = 0;
		};
		41C721021C3430E600268BB1 /* Resources */ = {
			isa = PBXResourcesBuildPhase;
			buildActionMask = 2147483647;
			files = (
			);
			runOnlyForDeploymentPostprocessing = 0;
		};
/* End PBXResourcesBuildPhase section */

/* Begin PBXSourcesBuildPhase section */
		41C720E41C3430E600268BB1 /* Sources */ = {
			isa = PBXSourcesBuildPhase;
			buildActionMask = 2147483647;
			files = (
				41C7211C1C343E4900268BB1 /* PersonMO.m in Sources */,
				41C720F41C3430E600268BB1 /* DBapp.xcdatamodeld in Sources */,
				41C721191C343E4800268BB1 /* ChoreMO.m in Sources */,
				41C720F11C3430E600268BB1 /* AppDelegate.m in Sources */,
				41C720F71C3430E600268BB1 /* ViewController.m in Sources */,
				41C721161C343E4700268BB1 /* LogMO.m in Sources */,
				41C720EE1C3430E600268BB1 /* main.m in Sources */,
			);
			runOnlyForDeploymentPostprocessing = 0;
		};
		41C721001C3430E600268BB1 /* Sources */ = {
			isa = PBXSourcesBuildPhase;
			buildActionMask = 2147483647;
			files = (
				41C7210B1C3430E600268BB1 /* DBappTests.m in Sources */,
			);
			runOnlyForDeploymentPostprocessing = 0;
		};
/* End PBXSourcesBuildPhase section */

/* Begin PBXTargetDependency section */
		41C721061C3430E600268BB1 /* PBXTargetDependency */ = {
			isa = PBXTargetDependency;
			target = 41C720E71C3430E600268BB1 /* DBapp */;
			targetProxy = 41C721051C3430E600268BB1 /* PBXContainerItemProxy */;
		};
/* End PBXTargetDependency section */

/* Begin PBXVariantGroup section */
		41C720F81C3430E600268BB1 /* Main.storyboard */ = {
			isa = PBXVariantGroup;
			children = (
				41C720F91C3430E600268BB1 /* Base */,
			);
			name = Main.storyboard;
			sourceTree = "<group>";
		};
		41C720FD1C3430E600268BB1 /* LaunchScreen.xib */ = {
			isa = PBXVariantGroup;
			children = (
				41C720FE1C3430E600268BB1 /* Base */,
			);
			name = LaunchScreen.xib;
			sourceTree = "<group>";
		};
/* End PBXVariantGroup section */

/* Begin XCBuildConfiguration section */
		41C7210C1C3430E600268BB1 /* Debug */ = {
			isa = XCBuildConfiguration;
			buildSettings = {
				ALWAYS_SEARCH_USER_PATHS = NO;
				CLANG_CXX_LANGUAGE_STANDARD = "gnu++0x";
				CLANG_CXX_LIBRARY = "libc++";
				CLANG_ENABLE_MODULES = YES;
				CLANG_ENABLE_OBJC_ARC = YES;
				CLANG_WARN_BOOL_CONVERSION = YES;
				CLANG_WARN_CONSTANT_CONVERSION = YES;
				CLANG_WARN_DIRECT_OBJC_ISA_USAGE = YES_ERROR;
				CLANG_WARN_EMPTY_BODY = YES;
				CLANG_WARN_ENUM_CONVERSION = YES;
				CLANG_WARN_INT_CONVERSION = YES;
				CLANG_WARN_OBJC_ROOT_CLASS = YES_ERROR;
				CLANG_WARN_UNREACHABLE_CODE = YES;
				CLANG_WARN__DUPLICATE_METHOD_MATCH = YES;
				"CODE_SIGN_IDENTITY[sdk=iphoneos*]" = "iPhone Developer";
				COPY_PHASE_STRIP = NO;
				ENABLE_STRICT_OBJC_MSGSEND = YES;
				GCC_C_LANGUAGE_STANDARD = gnu99;
				GCC_DYNAMIC_NO_PIC = NO;
				GCC_OPTIMIZATION_LEVEL = 0;
				GCC_PREPROCESSOR_DEFINITIONS = (
					"DEBUG=1",
					"$(inherited)",
				);
				GCC_SYMBOLS_PRIVATE_EXTERN = NO;
				GCC_WARN_64_TO_32_BIT_CONVERSION = YES;
				GCC_WARN_ABOUT_RETURN_TYPE = YES_ERROR;
				GCC_WARN_UNDECLARED_SELECTOR = YES;
				GCC_WARN_UNINITIALIZED_AUTOS = YES_AGGRESSIVE;
				GCC_WARN_UNUSED_FUNCTION = YES;
				GCC_WARN_UNUSED_VARIABLE = YES;
				IPHONEOS_DEPLOYMENT_TARGET = 8.0;
				MTL_ENABLE_DEBUG_INFO = YES;
				ONLY_ACTIVE_ARCH = YES;
				SDKROOT = iphoneos;
				TARGETED_DEVICE_FAMILY = "1,2";
			};
			name = Debug;
		};
		41C7210D1C3430E600268BB1 /* Release */ = {
			isa = XCBuildConfiguration;
			buildSettings = {
				ALWAYS_SEARCH_USER_PATHS = NO;
				CLANG_CXX_LANGUAGE_STANDARD = "gnu++0x";
				CLANG_CXX_LIBRARY = "libc++";
				CLANG_ENABLE_MODULES = YES;
				CLANG_ENABLE_OBJC_ARC = YES;
				CLANG_WARN_BOOL_CONVERSION = YES;
				CLANG_WARN_CONSTANT_CONVERSION = YES;
				CLANG_WARN_DIRECT_OBJC_ISA_USAGE = YES_ERROR;
				CLANG_WARN_EMPTY_BODY = YES;
				CLANG_WARN_ENUM_CONVERSION = YES;
				CLANG_WARN_INT_CONVERSION = YES;
				CLANG_WARN_OBJC_ROOT_CLASS = YES_ERROR;
				CLANG_WARN_UNREACHABLE_CODE = YES;
				CLANG_WARN__DUPLICATE_METHOD_MATCH = YES;
				"CODE_SIGN_IDENTITY[sdk=iphoneos*]" = "iPhone Developer";
				COPY_PHASE_STRIP = YES;
				ENABLE_NS_ASSERTIONS = NO;
				ENABLE_STRICT_OBJC_MSGSEND = YES;
				GCC_C_LANGUAGE_STANDARD = gnu99;
				GCC_WARN_64_TO_32_BIT_CONVERSION = YES;
				GCC_WARN_ABOUT_RETURN_TYPE = YES_ERROR;
				GCC_WARN_UNDECLARED_SELECTOR = YES;
				GCC_WARN_UNINITIALIZED_AUTOS = YES_AGGRESSIVE;
				GCC_WARN_UNUSED_FUNCTION = YES;
				GCC_WARN_UNUSED_VARIABLE = YES;
				IPHONEOS_DEPLOYMENT_TARGET = 8.0;
				MTL_ENABLE_DEBUG_INFO = NO;
				SDKROOT = iphoneos;
				TARGETED_DEVICE_FAMILY = "1,2";
				VALIDATE_PRODUCT = YES;
			};
			name = Release;
		};
		41C7210F1C3430E600268BB1 /* Debug */ = {
			isa = XCBuildConfiguration;
			buildSettings = {
				ASSETCATALOG_COMPILER_APPICON_NAME = AppIcon;
				INFOPLIST_FILE = DBapp/Info.plist;
				LD_RUNPATH_SEARCH_PATHS = "$(inherited) @executable_path/Frameworks";
				PRODUCT_NAME = "$(TARGET_NAME)";
			};
			name = Debug;
		};
		41C721101C3430E600268BB1 /* Release */ = {
			isa = XCBuildConfiguration;
			buildSettings = {
				ASSETCATALOG_COMPILER_APPICON_NAME = AppIcon;
				INFOPLIST_FILE = DBapp/Info.plist;
				LD_RUNPATH_SEARCH_PATHS = "$(inherited) @executable_path/Frameworks";
				PRODUCT_NAME = "$(TARGET_NAME)";
			};
			name = Release;
		};
		41C721121C3430E600268BB1 /* Debug */ = {
			isa = XCBuildConfiguration;
			buildSettings = {
				BUNDLE_LOADER = "$(TEST_HOST)";
				FRAMEWORK_SEARCH_PATHS = (
					"$(SDKROOT)/Developer/Library/Frameworks",
					"$(inherited)",
				);
				GCC_PREPROCESSOR_DEFINITIONS = (
					"DEBUG=1",
					"$(inherited)",
				);
				INFOPLIST_FILE = DBappTests/Info.plist;
				LD_RUNPATH_SEARCH_PATHS = "$(inherited) @executable_path/Frameworks @loader_path/Frameworks";
				PRODUCT_NAME = "$(TARGET_NAME)";
				TEST_HOST = "$(BUILT_PRODUCTS_DIR)/DBapp.app/DBapp";
			};
			name = Debug;
		};
		41C721131C3430E600268BB1 /* Release */ = {
			isa = XCBuildConfiguration;
			buildSettings = {
				BUNDLE_LOADER = "$(TEST_HOST)";
				FRAMEWORK_SEARCH_PATHS = (
					"$(SDKROOT)/Developer/Library/Frameworks",
					"$(inherited)",
				);
				INFOPLIST_FILE = DBappTests/Info.plist;
				LD_RUNPATH_SEARCH_PATHS = "$(inherited) @executable_path/Frameworks @loader_path/Frameworks";
				PRODUCT_NAME = "$(TARGET_NAME)";
				TEST_HOST = "$(BUILT_PRODUCTS_DIR)/DBapp.app/DBapp";
			};
			name = Release;
		};
/* End XCBuildConfiguration section */

/* Begin XCConfigurationList section */
		41C720E31C3430E600268BB1 /* Build configuration list for PBXProject "DBapp" */ = {
			isa = XCConfigurationList;
			buildConfigurations = (
				41C7210C1C3430E600268BB1 /* Debug */,
				41C7210D1C3430E600268BB1 /* Release */,
			);
			defaultConfigurationIsVisible = 0;
			defaultConfigurationName = Release;
		};
		41C7210E1C3430E600268BB1 /* Build configuration list for PBXNativeTarget "DBapp" */ = {
			isa = XCConfigurationList;
			buildConfigurations = (
				41C7210F1C3430E600268BB1 /* Debug */,
				41C721101C3430E600268BB1 /* Release */,
			);
			defaultConfigurationIsVisible = 0;
		};
		41C721111C3430E600268BB1 /* Build configuration list for PBXNativeTarget "DBappTests" */ = {
			isa = XCConfigurationList;
			buildConfigurations = (
				41C721121C3430E600268BB1 /* Debug */,
				41C721131C3430E600268BB1 /* Release */,
			);
			defaultConfigurationIsVisible = 0;
		};
/* End XCConfigurationList section */

/* Begin XCVersionGroup section */
		41C720F21C3430E600268BB1 /* DBapp.xcdatamodeld */ = {
			isa = XCVersionGroup;
			children = (
				41C720F31C3430E600268BB1 /* DBapp.xcdatamodel */,
			);
			currentVersion = 41C720F31C3430E600268BB1 /* DBapp.xcdatamodel */;
			path = DBapp.xcdatamodeld;
			sourceTree = "<group>";
			versionGroupType = wrapper.xcdatamodel;
		};
/* End XCVersionGroup section */
	};
	rootObject = 41C720E01C3430E600268BB1 /* Project object */;
}
